// !$*UTF8*$!
{
	archiveVersion = 1;
	classes = {
	};
	objectVersion = 56;
	objects = {

/* Begin PBXBuildFile section */
		129E0620459A8A423AC276B7 /* Pods_RockPaperScissors.framework in Frameworks */ = {isa = PBXBuildFile; fileRef = ABC75F172C5CCFE4D69F195D /* Pods_RockPaperScissors.framework */; };
		1AB1D37C2B30E2FC00D738C9 /* GameView.swift in Sources */ = {isa = PBXBuildFile; fileRef = 1AB1D37B2B30E2FC00D738C9 /* GameView.swift */; };
		1AB8F5D72B30C92A000CA1EE /* RockPaperScissorsApp.swift in Sources */ = {isa = PBXBuildFile; fileRef = 1AB8F5D62B30C92A000CA1EE /* RockPaperScissorsApp.swift */; };
		1AB8F5DB2B30C92C000CA1EE /* Assets.xcassets in Resources */ = {isa = PBXBuildFile; fileRef = 1AB8F5DA2B30C92C000CA1EE /* Assets.xcassets */; };
		1AB8F5DE2B30C92C000CA1EE /* Preview Assets.xcassets in Resources */ = {isa = PBXBuildFile; fileRef = 1AB8F5DD2B30C92C000CA1EE /* Preview Assets.xcassets */; };
		1AB8F5E52B30CAF4000CA1EE /* GoogleService-Info.plist in Resources */ = {isa = PBXBuildFile; fileRef = 1AB8F5E42B30CAF3000CA1EE /* GoogleService-Info.plist */; };
		1AB8F6082B30CCD5000CA1EE /* AnonymousAuthenticationView.swift in Sources */ = {isa = PBXBuildFile; fileRef = 1AB8F5E72B30CCD5000CA1EE /* AnonymousAuthenticationView.swift */; };
		1AB8F6092B30CCD5000CA1EE /* PhoneAuthenticationView.swift in Sources */ = {isa = PBXBuildFile; fileRef = 1AB8F5E82B30CCD5000CA1EE /* PhoneAuthenticationView.swift */; };
		1AB8F60A2B30CCD5000CA1EE /* SocialAuthenticationView.swift in Sources */ = {isa = PBXBuildFile; fileRef = 1AB8F5E92B30CCD5000CA1EE /* SocialAuthenticationView.swift */; };
		1AB8F60B2B30CCD5000CA1EE /* AuthenticationView.swift in Sources */ = {isa = PBXBuildFile; fileRef = 1AB8F5EA2B30CCD5000CA1EE /* AuthenticationView.swift */; };
		1AB8F60C2B30CCD5000CA1EE /* EmailAuthenticationView.swift in Sources */ = {isa = PBXBuildFile; fileRef = 1AB8F5EB2B30CCD5000CA1EE /* EmailAuthenticationView.swift */; };
		1AB8F60D2B30CCD5000CA1EE /* LoaderView.swift in Sources */ = {isa = PBXBuildFile; fileRef = 1AB8F5EC2B30CCD5000CA1EE /* LoaderView.swift */; };
		1AB8F60E2B30CCD5000CA1EE /* CustomButton.swift in Sources */ = {isa = PBXBuildFile; fileRef = 1AB8F5EE2B30CCD5000CA1EE /* CustomButton.swift */; };
		1AB8F60F2B30CCD5000CA1EE /* CustomSecureField.swift in Sources */ = {isa = PBXBuildFile; fileRef = 1AB8F5EF2B30CCD5000CA1EE /* CustomSecureField.swift */; };
		1AB8F6102B30CCD5000CA1EE /* CustomTextField.swift in Sources */ = {isa = PBXBuildFile; fileRef = 1AB8F5F02B30CCD5000CA1EE /* CustomTextField.swift */; };
		1AB8F6112B30CCD5000CA1EE /* LogoView.swift in Sources */ = {isa = PBXBuildFile; fileRef = 1AB8F5F12B30CCD5000CA1EE /* LogoView.swift */; };
		1AB8F6122B30CCD5000CA1EE /* GameSelectionView.swift in Sources */ = {isa = PBXBuildFile; fileRef = 1AB8F5F22B30CCD5000CA1EE /* GameSelectionView.swift */; };
		1AB8F6132B30CCD5000CA1EE /* String+Ext.swift in Sources */ = {isa = PBXBuildFile; fileRef = 1AB8F5F42B30CCD5000CA1EE /* String+Ext.swift */; };
		1AB8F6142B30CCD5000CA1EE /* View+Ext.swift in Sources */ = {isa = PBXBuildFile; fileRef = 1AB8F5F52B30CCD5000CA1EE /* View+Ext.swift */; };
		1AB8F6152B30CCD5000CA1EE /* AuthProvider.swift in Sources */ = {isa = PBXBuildFile; fileRef = 1AB8F5F72B30CCD5000CA1EE /* AuthProvider.swift */; };
		1AB8F6162B30CCD5000CA1EE /* FirebaseAuthProvider.swift in Sources */ = {isa = PBXBuildFile; fileRef = 1AB8F5F82B30CCD5000CA1EE /* FirebaseAuthProvider.swift */; };
		1AB8F6172B30CCD5000CA1EE /* AuthTracker.swift in Sources */ = {isa = PBXBuildFile; fileRef = 1AB8F5F92B30CCD5000CA1EE /* AuthTracker.swift */; };
		1AB8F6182B30CCD5000CA1EE /* AuthError.swift in Sources */ = {isa = PBXBuildFile; fileRef = 1AB8F5FA2B30CCD5000CA1EE /* AuthError.swift */; };
		1AB8F6192B30CCD5000CA1EE /* AlertMe.swift in Sources */ = {isa = PBXBuildFile; fileRef = 1AB8F5FB2B30CCD5000CA1EE /* AlertMe.swift */; };
		1AB8F61A2B30CCD5000CA1EE /* DummyAuthProvider.swift in Sources */ = {isa = PBXBuildFile; fileRef = 1AB8F5FC2B30CCD5000CA1EE /* DummyAuthProvider.swift */; };
		1AB8F61B2B30CCD5000CA1EE /* AuthUser.swift in Sources */ = {isa = PBXBuildFile; fileRef = 1AB8F5FD2B30CCD5000CA1EE /* AuthUser.swift */; };
		1AB8F61C2B30CCD5000CA1EE /* PhoneAuthenticationViewModel.swift in Sources */ = {isa = PBXBuildFile; fileRef = 1AB8F5FF2B30CCD5000CA1EE /* PhoneAuthenticationViewModel.swift */; };
		1AB8F61D2B30CCD5000CA1EE /* ViewModel.swift in Sources */ = {isa = PBXBuildFile; fileRef = 1AB8F6002B30CCD5000CA1EE /* ViewModel.swift */; };
		1AB8F61E2B30CCD5000CA1EE /* AnonymousAuthenticationViewModel.swift in Sources */ = {isa = PBXBuildFile; fileRef = 1AB8F6012B30CCD5000CA1EE /* AnonymousAuthenticationViewModel.swift */; };
		1AB8F61F2B30CCD5000CA1EE /* SocialAuthenticationViewModel.swift in Sources */ = {isa = PBXBuildFile; fileRef = 1AB8F6022B30CCD5000CA1EE /* SocialAuthenticationViewModel.swift */; };
		1AB8F6202B30CCD5000CA1EE /* CustomProgressHandler.swift in Sources */ = {isa = PBXBuildFile; fileRef = 1AB8F6032B30CCD5000CA1EE /* CustomProgressHandler.swift */; };
		1AB8F6212B30CCD5000CA1EE /* EmailAuthenticationViewModel.swift in Sources */ = {isa = PBXBuildFile; fileRef = 1AB8F6042B30CCD5000CA1EE /* EmailAuthenticationViewModel.swift */; };
		1AB8F6222B30CCD5000CA1EE /* AuthenticationViewModel.swift in Sources */ = {isa = PBXBuildFile; fileRef = 1AB8F6052B30CCD5000CA1EE /* AuthenticationViewModel.swift */; };
		1AB8F6232B30CCD5000CA1EE /* InProgress.swift in Sources */ = {isa = PBXBuildFile; fileRef = 1AB8F6072B30CCD5000CA1EE /* InProgress.swift */; };
		1AB8F6252B30DC2E000CA1EE /* ContentView.swift in Sources */ = {isa = PBXBuildFile; fileRef = 1AB8F6242B30DC2E000CA1EE /* ContentView.swift */; };
/* End PBXBuildFile section */

/* Begin PBXFileReference section */
		0DB6D5364DDD2E96B0720382 /* Pods-RockPaperScissors.release.xcconfig */ = {isa = PBXFileReference; includeInIndex = 1; lastKnownFileType = text.xcconfig; name = "Pods-RockPaperScissors.release.xcconfig"; path = "Target Support Files/Pods-RockPaperScissors/Pods-RockPaperScissors.release.xcconfig"; sourceTree = "<group>"; };
		1AB1D37B2B30E2FC00D738C9 /* GameView.swift */ = {isa = PBXFileReference; lastKnownFileType = sourcecode.swift; path = GameView.swift; sourceTree = "<group>"; };
		1AB8F5D32B30C92A000CA1EE /* RockPaperScissors.app */ = {isa = PBXFileReference; explicitFileType = wrapper.application; includeInIndex = 0; path = RockPaperScissors.app; sourceTree = BUILT_PRODUCTS_DIR; };
		1AB8F5D62B30C92A000CA1EE /* RockPaperScissorsApp.swift */ = {isa = PBXFileReference; lastKnownFileType = sourcecode.swift; path = RockPaperScissorsApp.swift; sourceTree = "<group>"; };
		1AB8F5DA2B30C92C000CA1EE /* Assets.xcassets */ = {isa = PBXFileReference; lastKnownFileType = folder.assetcatalog; path = Assets.xcassets; sourceTree = "<group>"; };
		1AB8F5DD2B30C92C000CA1EE /* Preview Assets.xcassets */ = {isa = PBXFileReference; lastKnownFileType = folder.assetcatalog; path = "Preview Assets.xcassets"; sourceTree = "<group>"; };
		1AB8F5E42B30CAF3000CA1EE /* GoogleService-Info.plist */ = {isa = PBXFileReference; fileEncoding = 4; lastKnownFileType = text.plist.xml; path = "GoogleService-Info.plist"; sourceTree = "<group>"; };
		1AB8F5E72B30CCD5000CA1EE /* AnonymousAuthenticationView.swift */ = {isa = PBXFileReference; fileEncoding = 4; lastKnownFileType = sourcecode.swift; path = AnonymousAuthenticationView.swift; sourceTree = "<group>"; };
		1AB8F5E82B30CCD5000CA1EE /* PhoneAuthenticationView.swift */ = {isa = PBXFileReference; fileEncoding = 4; lastKnownFileType = sourcecode.swift; path = PhoneAuthenticationView.swift; sourceTree = "<group>"; };
		1AB8F5E92B30CCD5000CA1EE /* SocialAuthenticationView.swift */ = {isa = PBXFileReference; fileEncoding = 4; lastKnownFileType = sourcecode.swift; path = SocialAuthenticationView.swift; sourceTree = "<group>"; };
		1AB8F5EA2B30CCD5000CA1EE /* AuthenticationView.swift */ = {isa = PBXFileReference; fileEncoding = 4; lastKnownFileType = sourcecode.swift; path = AuthenticationView.swift; sourceTree = "<group>"; };
		1AB8F5EB2B30CCD5000CA1EE /* EmailAuthenticationView.swift */ = {isa = PBXFileReference; fileEncoding = 4; lastKnownFileType = sourcecode.swift; path = EmailAuthenticationView.swift; sourceTree = "<group>"; };
		1AB8F5EC2B30CCD5000CA1EE /* LoaderView.swift */ = {isa = PBXFileReference; fileEncoding = 4; lastKnownFileType = sourcecode.swift; path = LoaderView.swift; sourceTree = "<group>"; };
		1AB8F5EE2B30CCD5000CA1EE /* CustomButton.swift */ = {isa = PBXFileReference; fileEncoding = 4; lastKnownFileType = sourcecode.swift; path = CustomButton.swift; sourceTree = "<group>"; };
		1AB8F5EF2B30CCD5000CA1EE /* CustomSecureField.swift */ = {isa = PBXFileReference; fileEncoding = 4; lastKnownFileType = sourcecode.swift; path = CustomSecureField.swift; sourceTree = "<group>"; };
		1AB8F5F02B30CCD5000CA1EE /* CustomTextField.swift */ = {isa = PBXFileReference; fileEncoding = 4; lastKnownFileType = sourcecode.swift; path = CustomTextField.swift; sourceTree = "<group>"; };
		1AB8F5F12B30CCD5000CA1EE /* LogoView.swift */ = {isa = PBXFileReference; fileEncoding = 4; lastKnownFileType = sourcecode.swift; path = LogoView.swift; sourceTree = "<group>"; };
		1AB8F5F22B30CCD5000CA1EE /* GameSelectionView.swift */ = {isa = PBXFileReference; fileEncoding = 4; lastKnownFileType = sourcecode.swift; path = GameSelectionView.swift; sourceTree = "<group>"; };
		1AB8F5F42B30CCD5000CA1EE /* String+Ext.swift */ = {isa = PBXFileReference; fileEncoding = 4; lastKnownFileType = sourcecode.swift; path = "String+Ext.swift"; sourceTree = "<group>"; };
		1AB8F5F52B30CCD5000CA1EE /* View+Ext.swift */ = {isa = PBXFileReference; fileEncoding = 4; lastKnownFileType = sourcecode.swift; path = "View+Ext.swift"; sourceTree = "<group>"; };
		1AB8F5F72B30CCD5000CA1EE /* AuthProvider.swift */ = {isa = PBXFileReference; fileEncoding = 4; lastKnownFileType = sourcecode.swift; path = AuthProvider.swift; sourceTree = "<group>"; };
		1AB8F5F82B30CCD5000CA1EE /* FirebaseAuthProvider.swift */ = {isa = PBXFileReference; fileEncoding = 4; lastKnownFileType = sourcecode.swift; path = FirebaseAuthProvider.swift; sourceTree = "<group>"; };
		1AB8F5F92B30CCD5000CA1EE /* AuthTracker.swift */ = {isa = PBXFileReference; fileEncoding = 4; lastKnownFileType = sourcecode.swift; path = AuthTracker.swift; sourceTree = "<group>"; };
		1AB8F5FA2B30CCD5000CA1EE /* AuthError.swift */ = {isa = PBXFileReference; fileEncoding = 4; lastKnownFileType = sourcecode.swift; path = AuthError.swift; sourceTree = "<group>"; };
		1AB8F5FB2B30CCD5000CA1EE /* AlertMe.swift */ = {isa = PBXFileReference; fileEncoding = 4; lastKnownFileType = sourcecode.swift; path = AlertMe.swift; sourceTree = "<group>"; };
		1AB8F5FC2B30CCD5000CA1EE /* DummyAuthProvider.swift */ = {isa = PBXFileReference; fileEncoding = 4; lastKnownFileType = sourcecode.swift; path = DummyAuthProvider.swift; sourceTree = "<group>"; };
		1AB8F5FD2B30CCD5000CA1EE /* AuthUser.swift */ = {isa = PBXFileReference; fileEncoding = 4; lastKnownFileType = sourcecode.swift; path = AuthUser.swift; sourceTree = "<group>"; };
		1AB8F5FF2B30CCD5000CA1EE /* PhoneAuthenticationViewModel.swift */ = {isa = PBXFileReference; fileEncoding = 4; lastKnownFileType = sourcecode.swift; path = PhoneAuthenticationViewModel.swift; sourceTree = "<group>"; };
		1AB8F6002B30CCD5000CA1EE /* ViewModel.swift */ = {isa = PBXFileReference; fileEncoding = 4; lastKnownFileType = sourcecode.swift; path = ViewModel.swift; sourceTree = "<group>"; };
		1AB8F6012B30CCD5000CA1EE /* AnonymousAuthenticationViewModel.swift */ = {isa = PBXFileReference; fileEncoding = 4; lastKnownFileType = sourcecode.swift; path = AnonymousAuthenticationViewModel.swift; sourceTree = "<group>"; };
		1AB8F6022B30CCD5000CA1EE /* SocialAuthenticationViewModel.swift */ = {isa = PBXFileReference; fileEncoding = 4; lastKnownFileType = sourcecode.swift; path = SocialAuthenticationViewModel.swift; sourceTree = "<group>"; };
		1AB8F6032B30CCD5000CA1EE /* CustomProgressHandler.swift */ = {isa = PBXFileReference; fileEncoding = 4; lastKnownFileType = sourcecode.swift; path = CustomProgressHandler.swift; sourceTree = "<group>"; };
		1AB8F6042B30CCD5000CA1EE /* EmailAuthenticationViewModel.swift */ = {isa = PBXFileReference; fileEncoding = 4; lastKnownFileType = sourcecode.swift; path = EmailAuthenticationViewModel.swift; sourceTree = "<group>"; };
		1AB8F6052B30CCD5000CA1EE /* AuthenticationViewModel.swift */ = {isa = PBXFileReference; fileEncoding = 4; lastKnownFileType = sourcecode.swift; path = AuthenticationViewModel.swift; sourceTree = "<group>"; };
		1AB8F6072B30CCD5000CA1EE /* InProgress.swift */ = {isa = PBXFileReference; fileEncoding = 4; lastKnownFileType = sourcecode.swift; path = InProgress.swift; sourceTree = "<group>"; };
		1AB8F6242B30DC2E000CA1EE /* ContentView.swift */ = {isa = PBXFileReference; fileEncoding = 4; lastKnownFileType = sourcecode.swift; path = ContentView.swift; sourceTree = "<group>"; };
		3CDCC2E3E4E4E789F1EDE04F /* Pods-RockPaperScissors.debug.xcconfig */ = {isa = PBXFileReference; includeInIndex = 1; lastKnownFileType = text.xcconfig; name = "Pods-RockPaperScissors.debug.xcconfig"; path = "Target Support Files/Pods-RockPaperScissors/Pods-RockPaperScissors.debug.xcconfig"; sourceTree = "<group>"; };
		ABC75F172C5CCFE4D69F195D /* Pods_RockPaperScissors.framework */ = {isa = PBXFileReference; explicitFileType = wrapper.framework; includeInIndex = 0; path = Pods_RockPaperScissors.framework; sourceTree = BUILT_PRODUCTS_DIR; };
/* End PBXFileReference section */

/* Begin PBXFrameworksBuildPhase section */
		1AB8F5D02B30C92A000CA1EE /* Frameworks */ = {
			isa = PBXFrameworksBuildPhase;
			buildActionMask = 2147483647;
			files = (
				129E0620459A8A423AC276B7 /* Pods_RockPaperScissors.framework in Frameworks */,
			);
			runOnlyForDeploymentPostprocessing = 0;
		};
/* End PBXFrameworksBuildPhase section */

/* Begin PBXGroup section */
		0F62AFECDC8ABA45E8D25BB8 /* Frameworks */ = {
			isa = PBXGroup;
			children = (
				ABC75F172C5CCFE4D69F195D /* Pods_RockPaperScissors.framework */,
			);
			name = Frameworks;
			sourceTree = "<group>";
		};
		1AB8F5CA2B30C92A000CA1EE = {
			isa = PBXGroup;
			children = (
				1AB8F5D52B30C92A000CA1EE /* RockPaperScissors */,
				1AB8F5D42B30C92A000CA1EE /* Products */,
				D273853F135BB0BA2953C48C /* Pods */,
				0F62AFECDC8ABA45E8D25BB8 /* Frameworks */,
			);
			sourceTree = "<group>";
		};
		1AB8F5D42B30C92A000CA1EE /* Products */ = {
			isa = PBXGroup;
			children = (
				1AB8F5D32B30C92A000CA1EE /* RockPaperScissors.app */,
			);
			name = Products;
			sourceTree = "<group>";
		};
		1AB8F5D52B30C92A000CA1EE /* RockPaperScissors */ = {
			isa = PBXGroup;
			children = (
				1AB8F6062B30CCD5000CA1EE /* ViewModifiers */,
				1AB8F5F32B30CCD5000CA1EE /* Extensions */,
				1AB8F5F62B30CCD5000CA1EE /* Models */,
				1AB8F5FE2B30CCD5000CA1EE /* ViewModels */,
				1AB8F5E62B30CCD5000CA1EE /* Views */,
				1AB8F5E42B30CAF3000CA1EE /* GoogleService-Info.plist */,
				1AB8F5D62B30C92A000CA1EE /* RockPaperScissorsApp.swift */,
				1AB8F5DA2B30C92C000CA1EE /* Assets.xcassets */,
				1AB8F5DC2B30C92C000CA1EE /* Preview Content */,
			);
			path = RockPaperScissors;
			sourceTree = "<group>";
		};
		1AB8F5DC2B30C92C000CA1EE /* Preview Content */ = {
			isa = PBXGroup;
			children = (
				1AB8F5DD2B30C92C000CA1EE /* Preview Assets.xcassets */,
			);
			path = "Preview Content";
			sourceTree = "<group>";
		};
		1AB8F5E62B30CCD5000CA1EE /* Views */ = {
			isa = PBXGroup;
			children = (
				1AB8F5ED2B30CCD5000CA1EE /* ViewComponents */,
				1AB8F6242B30DC2E000CA1EE /* ContentView.swift */,
				1AB8F5E72B30CCD5000CA1EE /* AnonymousAuthenticationView.swift */,
				1AB8F5E82B30CCD5000CA1EE /* PhoneAuthenticationView.swift */,
				1AB8F5E92B30CCD5000CA1EE /* SocialAuthenticationView.swift */,
				1AB8F5EA2B30CCD5000CA1EE /* AuthenticationView.swift */,
				1AB8F5EB2B30CCD5000CA1EE /* EmailAuthenticationView.swift */,
				1AB8F5EC2B30CCD5000CA1EE /* LoaderView.swift */,
				1AB8F5F22B30CCD5000CA1EE /* GameSelectionView.swift */,
				1AB1D37B2B30E2FC00D738C9 /* GameView.swift */,
			);
			path = Views;
			sourceTree = "<group>";
		};
		1AB8F5ED2B30CCD5000CA1EE /* ViewComponents */ = {
			isa = PBXGroup;
			children = (
				1AB8F5EE2B30CCD5000CA1EE /* CustomButton.swift */,
				1AB8F5EF2B30CCD5000CA1EE /* CustomSecureField.swift */,
				1AB8F5F02B30CCD5000CA1EE /* CustomTextField.swift */,
				1AB8F5F12B30CCD5000CA1EE /* LogoView.swift */,
			);
			path = ViewComponents;
			sourceTree = "<group>";
		};
		1AB8F5F32B30CCD5000CA1EE /* Extensions */ = {
			isa = PBXGroup;
			children = (
				1AB8F5F42B30CCD5000CA1EE /* String+Ext.swift */,
				1AB8F5F52B30CCD5000CA1EE /* View+Ext.swift */,
			);
			path = Extensions;
			sourceTree = "<group>";
		};
		1AB8F5F62B30CCD5000CA1EE /* Models */ = {
			isa = PBXGroup;
			children = (
				1AB8F5F72B30CCD5000CA1EE /* AuthProvider.swift */,
				1AB8F5F82B30CCD5000CA1EE /* FirebaseAuthProvider.swift */,
				1AB8F5F92B30CCD5000CA1EE /* AuthTracker.swift */,
				1AB8F5FA2B30CCD5000CA1EE /* AuthError.swift */,
				1AB8F5FB2B30CCD5000CA1EE /* AlertMe.swift */,
				1AB8F5FC2B30CCD5000CA1EE /* DummyAuthProvider.swift */,
				1AB8F5FD2B30CCD5000CA1EE /* AuthUser.swift */,
			);
			path = Models;
			sourceTree = "<group>";
		};
		1AB8F5FE2B30CCD5000CA1EE /* ViewModels */ = {
			isa = PBXGroup;
			children = (
				1AB8F5FF2B30CCD5000CA1EE /* PhoneAuthenticationViewModel.swift */,
				1AB8F6002B30CCD5000CA1EE /* ViewModel.swift */,
				1AB8F6012B30CCD5000CA1EE /* AnonymousAuthenticationViewModel.swift */,
				1AB8F6022B30CCD5000CA1EE /* SocialAuthenticationViewModel.swift */,
				1AB8F6032B30CCD5000CA1EE /* CustomProgressHandler.swift */,
				1AB8F6042B30CCD5000CA1EE /* EmailAuthenticationViewModel.swift */,
				1AB8F6052B30CCD5000CA1EE /* AuthenticationViewModel.swift */,
			);
			path = ViewModels;
			sourceTree = "<group>";
		};
		1AB8F6062B30CCD5000CA1EE /* ViewModifiers */ = {
			isa = PBXGroup;
			children = (
				1AB8F6072B30CCD5000CA1EE /* InProgress.swift */,
			);
			path = ViewModifiers;
			sourceTree = "<group>";
		};
		D273853F135BB0BA2953C48C /* Pods */ = {
			isa = PBXGroup;
			children = (
				3CDCC2E3E4E4E789F1EDE04F /* Pods-RockPaperScissors.debug.xcconfig */,
				0DB6D5364DDD2E96B0720382 /* Pods-RockPaperScissors.release.xcconfig */,
			);
			path = Pods;
			sourceTree = "<group>";
		};
/* End PBXGroup section */

/* Begin PBXNativeTarget section */
		1AB8F5D22B30C92A000CA1EE /* RockPaperScissors */ = {
			isa = PBXNativeTarget;
			buildConfigurationList = 1AB8F5E12B30C92C000CA1EE /* Build configuration list for PBXNativeTarget "RockPaperScissors" */;
			buildPhases = (
				4DDFCC75C0D3C405354C66BB /* [CP] Check Pods Manifest.lock */,
				1AB8F5CF2B30C92A000CA1EE /* Sources */,
				1AB8F5D02B30C92A000CA1EE /* Frameworks */,
				1AB8F5D12B30C92A000CA1EE /* Resources */,
				E64813F71633139A14271BE9 /* [CP] Embed Pods Frameworks */,
			);
			buildRules = (
			);
			dependencies = (
			);
			name = RockPaperScissors;
			productName = RockPaperScissors;
			productReference = 1AB8F5D32B30C92A000CA1EE /* RockPaperScissors.app */;
			productType = "com.apple.product-type.application";
		};
/* End PBXNativeTarget section */

/* Begin PBXProject section */
		1AB8F5CB2B30C92A000CA1EE /* Project object */ = {
			isa = PBXProject;
			attributes = {
				BuildIndependentTargetsInParallel = 1;
				LastSwiftUpdateCheck = 1510;
				LastUpgradeCheck = 1510;
				TargetAttributes = {
					1AB8F5D22B30C92A000CA1EE = {
						CreatedOnToolsVersion = 15.1;
					};
				};
			};
			buildConfigurationList = 1AB8F5CE2B30C92A000CA1EE /* Build configuration list for PBXProject "RockPaperScissors" */;
			compatibilityVersion = "Xcode 14.0";
			developmentRegion = en;
			hasScannedForEncodings = 0;
			knownRegions = (
				en,
				Base,
			);
			mainGroup = 1AB8F5CA2B30C92A000CA1EE;
			productRefGroup = 1AB8F5D42B30C92A000CA1EE /* Products */;
			projectDirPath = "";
			projectRoot = "";
			targets = (
				1AB8F5D22B30C92A000CA1EE /* RockPaperScissors */,
			);
		};
/* End PBXProject section */

/* Begin PBXResourcesBuildPhase section */
		1AB8F5D12B30C92A000CA1EE /* Resources */ = {
			isa = PBXResourcesBuildPhase;
			buildActionMask = 2147483647;
			files = (
				1AB8F5DE2B30C92C000CA1EE /* Preview Assets.xcassets in Resources */,
				1AB8F5DB2B30C92C000CA1EE /* Assets.xcassets in Resources */,
				1AB8F5E52B30CAF4000CA1EE /* GoogleService-Info.plist in Resources */,
			);
			runOnlyForDeploymentPostprocessing = 0;
		};
/* End PBXResourcesBuildPhase section */

/* Begin PBXShellScriptBuildPhase section */
		4DDFCC75C0D3C405354C66BB /* [CP] Check Pods Manifest.lock */ = {
			isa = PBXShellScriptBuildPhase;
			buildActionMask = 2147483647;
			files = (
			);
			inputFileListPaths = (
			);
			inputPaths = (
				"${PODS_PODFILE_DIR_PATH}/Podfile.lock",
				"${PODS_ROOT}/Manifest.lock",
			);
			name = "[CP] Check Pods Manifest.lock";
			outputFileListPaths = (
			);
			outputPaths = (
				"$(DERIVED_FILE_DIR)/Pods-RockPaperScissors-checkManifestLockResult.txt",
			);
			runOnlyForDeploymentPostprocessing = 0;
			shellPath = /bin/sh;
			shellScript = "diff \"${PODS_PODFILE_DIR_PATH}/Podfile.lock\" \"${PODS_ROOT}/Manifest.lock\" > /dev/null\nif [ $? != 0 ] ; then\n    # print error to STDERR\n    echo \"error: The sandbox is not in sync with the Podfile.lock. Run 'pod install' or update your CocoaPods installation.\" >&2\n    exit 1\nfi\n# This output is used by Xcode 'outputs' to avoid re-running this script phase.\necho \"SUCCESS\" > \"${SCRIPT_OUTPUT_FILE_0}\"\n";
			showEnvVarsInLog = 0;
		};
		E64813F71633139A14271BE9 /* [CP] Embed Pods Frameworks */ = {
			isa = PBXShellScriptBuildPhase;
			buildActionMask = 2147483647;
			files = (
			);
			inputFileListPaths = (
				"${PODS_ROOT}/Target Support Files/Pods-RockPaperScissors/Pods-RockPaperScissors-frameworks-${CONFIGURATION}-input-files.xcfilelist",
			);
			name = "[CP] Embed Pods Frameworks";
			outputFileListPaths = (
				"${PODS_ROOT}/Target Support Files/Pods-RockPaperScissors/Pods-RockPaperScissors-frameworks-${CONFIGURATION}-output-files.xcfilelist",
			);
			runOnlyForDeploymentPostprocessing = 0;
			shellPath = /bin/sh;
			shellScript = "\"${PODS_ROOT}/Target Support Files/Pods-RockPaperScissors/Pods-RockPaperScissors-frameworks.sh\"\n";
			showEnvVarsInLog = 0;
		};
/* End PBXShellScriptBuildPhase section */

/* Begin PBXSourcesBuildPhase section */
		1AB8F5CF2B30C92A000CA1EE /* Sources */ = {
			isa = PBXSourcesBuildPhase;
			buildActionMask = 2147483647;
			files = (
				1AB8F6142B30CCD5000CA1EE /* View+Ext.swift in Sources */,
				1AB8F6082B30CCD5000CA1EE /* AnonymousAuthenticationView.swift in Sources */,
				1AB8F60C2B30CCD5000CA1EE /* EmailAuthenticationView.swift in Sources */,
				1AB8F61C2B30CCD5000CA1EE /* PhoneAuthenticationViewModel.swift in Sources */,
				1AB8F6162B30CCD5000CA1EE /* FirebaseAuthProvider.swift in Sources */,
				1AB8F61D2B30CCD5000CA1EE /* ViewModel.swift in Sources */,
				1AB8F6122B30CCD5000CA1EE /* GameSelectionView.swift in Sources */,
				1AB8F6132B30CCD5000CA1EE /* String+Ext.swift in Sources */,
				1AB8F6192B30CCD5000CA1EE /* AlertMe.swift in Sources */,
				1AB8F6182B30CCD5000CA1EE /* AuthError.swift in Sources */,
				1AB8F6212B30CCD5000CA1EE /* EmailAuthenticationViewModel.swift in Sources */,
				1AB8F6112B30CCD5000CA1EE /* LogoView.swift in Sources */,
				1AB8F5D72B30C92A000CA1EE /* RockPaperScissorsApp.swift in Sources */,
				1AB8F61B2B30CCD5000CA1EE /* AuthUser.swift in Sources */,
				1AB8F60D2B30CCD5000CA1EE /* LoaderView.swift in Sources */,
				1AB8F61F2B30CCD5000CA1EE /* SocialAuthenticationViewModel.swift in Sources */,
				1AB8F6222B30CCD5000CA1EE /* AuthenticationViewModel.swift in Sources */,
				1AB8F61A2B30CCD5000CA1EE /* DummyAuthProvider.swift in Sources */,
				1AB8F6102B30CCD5000CA1EE /* CustomTextField.swift in Sources */,
				1AB8F60E2B30CCD5000CA1EE /* CustomButton.swift in Sources */,
				1AB8F6202B30CCD5000CA1EE /* CustomProgressHandler.swift in Sources */,
				1AB8F6092B30CCD5000CA1EE /* PhoneAuthenticationView.swift in Sources */,
				1AB8F60A2B30CCD5000CA1EE /* SocialAuthenticationView.swift in Sources */,
				1AB8F6152B30CCD5000CA1EE /* AuthProvider.swift in Sources */,
				1AB8F60F2B30CCD5000CA1EE /* CustomSecureField.swift in Sources */,
				1AB8F60B2B30CCD5000CA1EE /* AuthenticationView.swift in Sources */,
				1AB8F6252B30DC2E000CA1EE /* ContentView.swift in Sources */,
				1AB8F6232B30CCD5000CA1EE /* InProgress.swift in Sources */,
				1AB8F61E2B30CCD5000CA1EE /* AnonymousAuthenticationViewModel.swift in Sources */,
				1AB1D37C2B30E2FC00D738C9 /* GameView.swift in Sources */,
				1AB8F6172B30CCD5000CA1EE /* AuthTracker.swift in Sources */,
			);
			runOnlyForDeploymentPostprocessing = 0;
		};
/* End PBXSourcesBuildPhase section */

/* Begin XCBuildConfiguration section */
		1AB8F5DF2B30C92C000CA1EE /* Debug */ = {
			isa = XCBuildConfiguration;
			buildSettings = {
				ALWAYS_SEARCH_USER_PATHS = NO;
				ASSETCATALOG_COMPILER_GENERATE_SWIFT_ASSET_SYMBOL_EXTENSIONS = YES;
				CLANG_ANALYZER_NONNULL = YES;
				CLANG_ANALYZER_NUMBER_OBJECT_CONVERSION = YES_AGGRESSIVE;
				CLANG_CXX_LANGUAGE_STANDARD = "gnu++20";
				CLANG_ENABLE_MODULES = YES;
				CLANG_ENABLE_OBJC_ARC = YES;
				CLANG_ENABLE_OBJC_WEAK = YES;
				CLANG_WARN_BLOCK_CAPTURE_AUTORELEASING = YES;
				CLANG_WARN_BOOL_CONVERSION = YES;
				CLANG_WARN_COMMA = YES;
				CLANG_WARN_CONSTANT_CONVERSION = YES;
				CLANG_WARN_DEPRECATED_OBJC_IMPLEMENTATIONS = YES;
				CLANG_WARN_DIRECT_OBJC_ISA_USAGE = YES_ERROR;
				CLANG_WARN_DOCUMENTATION_COMMENTS = YES;
				CLANG_WARN_EMPTY_BODY = YES;
				CLANG_WARN_ENUM_CONVERSION = YES;
				CLANG_WARN_INFINITE_RECURSION = YES;
				CLANG_WARN_INT_CONVERSION = YES;
				CLANG_WARN_NON_LITERAL_NULL_CONVERSION = YES;
				CLANG_WARN_OBJC_IMPLICIT_RETAIN_SELF = YES;
				CLANG_WARN_OBJC_LITERAL_CONVERSION = YES;
				CLANG_WARN_OBJC_ROOT_CLASS = YES_ERROR;
				CLANG_WARN_QUOTED_INCLUDE_IN_FRAMEWORK_HEADER = YES;
				CLANG_WARN_RANGE_LOOP_ANALYSIS = YES;
				CLANG_WARN_STRICT_PROTOTYPES = YES;
				CLANG_WARN_SUSPICIOUS_MOVE = YES;
				CLANG_WARN_UNGUARDED_AVAILABILITY = YES_AGGRESSIVE;
				CLANG_WARN_UNREACHABLE_CODE = YES;
				CLANG_WARN__DUPLICATE_METHOD_MATCH = YES;
				COPY_PHASE_STRIP = NO;
				DEBUG_INFORMATION_FORMAT = dwarf;
				ENABLE_STRICT_OBJC_MSGSEND = YES;
				ENABLE_TESTABILITY = YES;
				ENABLE_USER_SCRIPT_SANDBOXING = NO;
				GCC_C_LANGUAGE_STANDARD = gnu17;
				GCC_DYNAMIC_NO_PIC = NO;
				GCC_NO_COMMON_BLOCKS = YES;
				GCC_OPTIMIZATION_LEVEL = 0;
				GCC_PREPROCESSOR_DEFINITIONS = (
					"DEBUG=1",
					"$(inherited)",
				);
				GCC_WARN_64_TO_32_BIT_CONVERSION = YES;
				GCC_WARN_ABOUT_RETURN_TYPE = YES_ERROR;
				GCC_WARN_UNDECLARED_SELECTOR = YES;
				GCC_WARN_UNINITIALIZED_AUTOS = YES_AGGRESSIVE;
				GCC_WARN_UNUSED_FUNCTION = YES;
				GCC_WARN_UNUSED_VARIABLE = YES;
				IPHONEOS_DEPLOYMENT_TARGET = 17.2;
				LOCALIZATION_PREFERS_STRING_CATALOGS = YES;
				MTL_ENABLE_DEBUG_INFO = INCLUDE_SOURCE;
				MTL_FAST_MATH = YES;
				ONLY_ACTIVE_ARCH = YES;
				SDKROOT = iphoneos;
				SWIFT_ACTIVE_COMPILATION_CONDITIONS = "DEBUG $(inherited)";
				SWIFT_OPTIMIZATION_LEVEL = "-Onone";
			};
			name = Debug;
		};
		1AB8F5E02B30C92C000CA1EE /* Release */ = {
			isa = XCBuildConfiguration;
			buildSettings = {
				ALWAYS_SEARCH_USER_PATHS = NO;
				ASSETCATALOG_COMPILER_GENERATE_SWIFT_ASSET_SYMBOL_EXTENSIONS = YES;
				CLANG_ANALYZER_NONNULL = YES;
				CLANG_ANALYZER_NUMBER_OBJECT_CONVERSION = YES_AGGRESSIVE;
				CLANG_CXX_LANGUAGE_STANDARD = "gnu++20";
				CLANG_ENABLE_MODULES = YES;
				CLANG_ENABLE_OBJC_ARC = YES;
				CLANG_ENABLE_OBJC_WEAK = YES;
				CLANG_WARN_BLOCK_CAPTURE_AUTORELEASING = YES;
				CLANG_WARN_BOOL_CONVERSION = YES;
				CLANG_WARN_COMMA = YES;
				CLANG_WARN_CONSTANT_CONVERSION = YES;
				CLANG_WARN_DEPRECATED_OBJC_IMPLEMENTATIONS = YES;
				CLANG_WARN_DIRECT_OBJC_ISA_USAGE = YES_ERROR;
				CLANG_WARN_DOCUMENTATION_COMMENTS = YES;
				CLANG_WARN_EMPTY_BODY = YES;
				CLANG_WARN_ENUM_CONVERSION = YES;
				CLANG_WARN_INFINITE_RECURSION = YES;
				CLANG_WARN_INT_CONVERSION = YES;
				CLANG_WARN_NON_LITERAL_NULL_CONVERSION = YES;
				CLANG_WARN_OBJC_IMPLICIT_RETAIN_SELF = YES;
				CLANG_WARN_OBJC_LITERAL_CONVERSION = YES;
				CLANG_WARN_OBJC_ROOT_CLASS = YES_ERROR;
				CLANG_WARN_QUOTED_INCLUDE_IN_FRAMEWORK_HEADER = YES;
				CLANG_WARN_RANGE_LOOP_ANALYSIS = YES;
				CLANG_WARN_STRICT_PROTOTYPES = YES;
				CLANG_WARN_SUSPICIOUS_MOVE = YES;
				CLANG_WARN_UNGUARDED_AVAILABILITY = YES_AGGRESSIVE;
				CLANG_WARN_UNREACHABLE_CODE = YES;
				CLANG_WARN__DUPLICATE_METHOD_MATCH = YES;
				COPY_PHASE_STRIP = NO;
				DEBUG_INFORMATION_FORMAT = "dwarf-with-dsym";
				ENABLE_NS_ASSERTIONS = NO;
				ENABLE_STRICT_OBJC_MSGSEND = YES;
				ENABLE_USER_SCRIPT_SANDBOXING = NO;
				GCC_C_LANGUAGE_STANDARD = gnu17;
				GCC_NO_COMMON_BLOCKS = YES;
				GCC_WARN_64_TO_32_BIT_CONVERSION = YES;
				GCC_WARN_ABOUT_RETURN_TYPE = YES_ERROR;
				GCC_WARN_UNDECLARED_SELECTOR = YES;
				GCC_WARN_UNINITIALIZED_AUTOS = YES_AGGRESSIVE;
				GCC_WARN_UNUSED_FUNCTION = YES;
				GCC_WARN_UNUSED_VARIABLE = YES;
				IPHONEOS_DEPLOYMENT_TARGET = 17.2;
				LOCALIZATION_PREFERS_STRING_CATALOGS = YES;
				MTL_ENABLE_DEBUG_INFO = NO;
				MTL_FAST_MATH = YES;
				SDKROOT = iphoneos;
				SWIFT_COMPILATION_MODE = wholemodule;
				VALIDATE_PRODUCT = YES;
			};
			name = Release;
		};
		1AB8F5E22B30C92C000CA1EE /* Debug */ = {
			isa = XCBuildConfiguration;
			baseConfigurationReference = 3CDCC2E3E4E4E789F1EDE04F /* Pods-RockPaperScissors.debug.xcconfig */;
			buildSettings = {
				ASSETCATALOG_COMPILER_APPICON_NAME = AppIcon;
				ASSETCATALOG_COMPILER_GLOBAL_ACCENT_COLOR_NAME = AccentColor;
				CODE_SIGN_STYLE = Automatic;
				CURRENT_PROJECT_VERSION = 1;
				DEVELOPMENT_ASSET_PATHS = "\"RockPaperScissors/Preview Content\"";
				DEVELOPMENT_TEAM = DPTVNYZ67M;
				ENABLE_PREVIEWS = YES;
				GENERATE_INFOPLIST_FILE = YES;
				INFOPLIST_KEY_UIApplicationSceneManifest_Generation = YES;
				INFOPLIST_KEY_UIApplicationSupportsIndirectInputEvents = YES;
				INFOPLIST_KEY_UILaunchScreen_Generation = YES;
				INFOPLIST_KEY_UISupportedInterfaceOrientations_iPad = "UIInterfaceOrientationPortrait UIInterfaceOrientationPortraitUpsideDown UIInterfaceOrientationLandscapeLeft UIInterfaceOrientationLandscapeRight";
				INFOPLIST_KEY_UISupportedInterfaceOrientations_iPhone = "UIInterfaceOrientationPortrait UIInterfaceOrientationLandscapeLeft UIInterfaceOrientationLandscapeRight";
				IPHONEOS_DEPLOYMENT_TARGET = 16.7.2;
				LD_RUNPATH_SEARCH_PATHS = (
					"$(inherited)",
					"@executable_path/Frameworks",
				);
				MARKETING_VERSION = 1.0;
				PRODUCT_BUNDLE_IDENTIFIER = com.rock.paper.scissors.fight;
				PRODUCT_NAME = "$(TARGET_NAME)";
				SWIFT_EMIT_LOC_STRINGS = YES;
				SWIFT_VERSION = 5.0;
				TARGETED_DEVICE_FAMILY = "1,2";
			};
			name = Debug;
		};
		1AB8F5E32B30C92C000CA1EE /* Release */ = {
			isa = XCBuildConfiguration;
			baseConfigurationReference = 0DB6D5364DDD2E96B0720382 /* Pods-RockPaperScissors.release.xcconfig */;
			buildSettings = {
				ASSETCATALOG_COMPILER_APPICON_NAME = AppIcon;
				ASSETCATALOG_COMPILER_GLOBAL_ACCENT_COLOR_NAME = AccentColor;
				CODE_SIGN_STYLE = Automatic;
				CURRENT_PROJECT_VERSION = 1;
				DEVELOPMENT_ASSET_PATHS = "\"RockPaperScissors/Preview Content\"";
				DEVELOPMENT_TEAM = DPTVNYZ67M;
				ENABLE_PREVIEWS = YES;
				GENERATE_INFOPLIST_FILE = YES;
				INFOPLIST_KEY_UIApplicationSceneManifest_Generation = YES;
				INFOPLIST_KEY_UIApplicationSupportsIndirectInputEvents = YES;
				INFOPLIST_KEY_UILaunchScreen_Generation = YES;
				INFOPLIST_KEY_UISupportedInterfaceOrientations_iPad = "UIInterfaceOrientationPortrait UIInterfaceOrientationPortraitUpsideDown UIInterfaceOrientationLandscapeLeft UIInterfaceOrientationLandscapeRight";
				INFOPLIST_KEY_UISupportedInterfaceOrientations_iPhone = "UIInterfaceOrientationPortrait UIInterfaceOrientationLandscapeLeft UIInterfaceOrientationLandscapeRight";
				IPHONEOS_DEPLOYMENT_TARGET = 16.7.2;
				LD_RUNPATH_SEARCH_PATHS = (
					"$(inherited)",
					"@executable_path/Frameworks",
				);
				MARKETING_VERSION = 1.0;
				PRODUCT_BUNDLE_IDENTIFIER = com.rock.paper.scissors.fight;
				PRODUCT_NAME = "$(TARGET_NAME)";
				SWIFT_EMIT_LOC_STRINGS = YES;
				SWIFT_VERSION = 5.0;
				TARGETED_DEVICE_FAMILY = "1,2";
			};
			name = Release;
		};
/* End XCBuildConfiguration section */

/* Begin XCConfigurationList section */
		1AB8F5CE2B30C92A000CA1EE /* Build configuration list for PBXProject "RockPaperScissors" */ = {
			isa = XCConfigurationList;
			buildConfigurations = (
				1AB8F5DF2B30C92C000CA1EE /* Debug */,
				1AB8F5E02B30C92C000CA1EE /* Release */,
			);
			defaultConfigurationIsVisible = 0;
			defaultConfigurationName = Release;
		};
		1AB8F5E12B30C92C000CA1EE /* Build configuration list for PBXNativeTarget "RockPaperScissors" */ = {
			isa = XCConfigurationList;
			buildConfigurations = (
				1AB8F5E22B30C92C000CA1EE /* Debug */,
				1AB8F5E32B30C92C000CA1EE /* Release */,
			);
			defaultConfigurationIsVisible = 0;
			defaultConfigurationName = Release;
		};
/* End XCConfigurationList section */
	};
	rootObject = 1AB8F5CB2B30C92A000CA1EE /* Project object */;
}
